// !$*UTF8*$!
{
	archiveVersion = 1;
	classes = {
	};
	objectVersion = 60;
	objects = {

/* Begin PBXBuildFile section */
		3191487A2AE450FE0005F318 /* findflights.xcdatamodeld in Sources */ = {isa = PBXBuildFile; fileRef = 319148782AE450FE0005F318 /* findflights.xcdatamodeld */; };
		3191487C2AE451290005F318 /* PersistenceController.swift in Sources */ = {isa = PBXBuildFile; fileRef = 3191487B2AE451290005F318 /* PersistenceController.swift */; };
		3191487E2AE452710005F318 /* RecentSearchStorageHandler.swift in Sources */ = {isa = PBXBuildFile; fileRef = 3191487D2AE452710005F318 /* RecentSearchStorageHandler.swift */; };
		319148802AE471750005F318 /* StringExtension.swift in Sources */ = {isa = PBXBuildFile; fileRef = 3191487F2AE471750005F318 /* StringExtension.swift */; };
		319148822AE4726E0005F318 /* SearchFlightParametersTest.swift in Sources */ = {isa = PBXBuildFile; fileRef = 319148812AE4726E0005F318 /* SearchFlightParametersTest.swift */; };
		319148852AE475C30005F318 /* RecentSearchParameters.swift in Sources */ = {isa = PBXBuildFile; fileRef = 319148842AE475C30005F318 /* RecentSearchParameters.swift */; };
		319148892AE476F60005F318 /* MockRecentSearchStorageHandler.swift in Sources */ = {isa = PBXBuildFile; fileRef = 319148882AE476F60005F318 /* MockRecentSearchStorageHandler.swift */; };
		3191488B2AE478B10005F318 /* RecentSearchViewModelTest.swift in Sources */ = {isa = PBXBuildFile; fileRef = 3191488A2AE478B10005F318 /* RecentSearchViewModelTest.swift */; };
		319816E52AE41CBE00B1E608 /* RecentSearchView.swift in Sources */ = {isa = PBXBuildFile; fileRef = 319816E42AE41CBE00B1E608 /* RecentSearchView.swift */; };
		319816E72AE4233C00B1E608 /* RecentSearchViewModel.swift in Sources */ = {isa = PBXBuildFile; fileRef = 319816E62AE4233C00B1E608 /* RecentSearchViewModel.swift */; };
		31AF4B0D2AE3AB870091B18B /* TravelDatePicker in Frameworks */ = {isa = PBXBuildFile; productRef = 31AF4B0C2AE3AB870091B18B /* TravelDatePicker */; };
		31AF4B102AE3AE4F0091B18B /* FindFlightsInputField in Frameworks */ = {isa = PBXBuildFile; productRef = 31AF4B0F2AE3AE4F0091B18B /* FindFlightsInputField */; };
		31B8C3AD2AE2C900001F4948 /* FindFlightsApp.swift in Sources */ = {isa = PBXBuildFile; fileRef = 31B8C3AC2AE2C900001F4948 /* FindFlightsApp.swift */; };
		31B8C3B12AE2C901001F4948 /* Assets.xcassets in Resources */ = {isa = PBXBuildFile; fileRef = 31B8C3B02AE2C901001F4948 /* Assets.xcassets */; };
		31B8C4022AE2C99C001F4948 /* EncodableExtension.swift in Sources */ = {isa = PBXBuildFile; fileRef = 31B8C3D92AE2C99C001F4948 /* EncodableExtension.swift */; };
		31B8C4032AE2C99C001F4948 /* Endpoint.swift in Sources */ = {isa = PBXBuildFile; fileRef = 31B8C3DC2AE2C99C001F4948 /* Endpoint.swift */; };
		31B8C4042AE2C99C001F4948 /* NetworkHandler.swift in Sources */ = {isa = PBXBuildFile; fileRef = 31B8C3DD2AE2C99C001F4948 /* NetworkHandler.swift */; };
		31B8C4052AE2C99C001F4948 /* SearchAPIHandler.swift in Sources */ = {isa = PBXBuildFile; fileRef = 31B8C3DE2AE2C99C001F4948 /* SearchAPIHandler.swift */; };
		31B8C4072AE2C99C001F4948 /* Constants.swift in Sources */ = {isa = PBXBuildFile; fileRef = 31B8C3E12AE2C99C001F4948 /* Constants.swift */; };
		31B8C4082AE2C99C001F4948 /* RYStrings.swift in Sources */ = {isa = PBXBuildFile; fileRef = 31B8C3E22AE2C99C001F4948 /* RYStrings.swift */; };
		31B8C4092AE2C99C001F4948 /* FlightListViewModel.swift in Sources */ = {isa = PBXBuildFile; fileRef = 31B8C3E62AE2C99C001F4948 /* FlightListViewModel.swift */; };
		31B8C40A2AE2C99C001F4948 /* EmptySearchResultView.swift in Sources */ = {isa = PBXBuildFile; fileRef = 31B8C3E92AE2C99C001F4948 /* EmptySearchResultView.swift */; };
		31B8C40B2AE2C99C001F4948 /* LoadingSearchView.swift in Sources */ = {isa = PBXBuildFile; fileRef = 31B8C3EA2AE2C99C001F4948 /* LoadingSearchView.swift */; };
		31B8C40C2AE2C99C001F4948 /* FlightListingView.swift in Sources */ = {isa = PBXBuildFile; fileRef = 31B8C3EB2AE2C99C001F4948 /* FlightListingView.swift */; };
		31B8C40E2AE2C99C001F4948 /* SearchViewModel.swift in Sources */ = {isa = PBXBuildFile; fileRef = 31B8C3F02AE2C99C001F4948 /* SearchViewModel.swift */; };
		31B8C40F2AE2C99C001F4948 /* PassengerCountPickerViewModel.swift in Sources */ = {isa = PBXBuildFile; fileRef = 31B8C3F12AE2C99C001F4948 /* PassengerCountPickerViewModel.swift */; };
		31B8C4102AE2C99C001F4948 /* SearchFlightParameters.swift in Sources */ = {isa = PBXBuildFile; fileRef = 31B8C3F32AE2C99C001F4948 /* SearchFlightParameters.swift */; };
		31B8C4112AE2C99C001F4948 /* FlightSearchResponse.swift in Sources */ = {isa = PBXBuildFile; fileRef = 31B8C3F42AE2C99C001F4948 /* FlightSearchResponse.swift */; };
		31B8C4122AE2C99C001F4948 /* Airport.swift in Sources */ = {isa = PBXBuildFile; fileRef = 31B8C3F52AE2C99C001F4948 /* Airport.swift */; };
		31B8C4132AE2C99C001F4948 /* PassengerDetails.swift in Sources */ = {isa = PBXBuildFile; fileRef = 31B8C3F62AE2C99C001F4948 /* PassengerDetails.swift */; };
		31B8C4142AE2C99C001F4948 /* SearchView.swift in Sources */ = {isa = PBXBuildFile; fileRef = 31B8C3F82AE2C99C001F4948 /* SearchView.swift */; };
		31B8C4152AE2C99C001F4948 /* PassengerCountPickerView.swift in Sources */ = {isa = PBXBuildFile; fileRef = 31B8C3F92AE2C99C001F4948 /* PassengerCountPickerView.swift */; };
		31B8C4172AE2C99C001F4948 /* SelectAirportViewModel.swift in Sources */ = {isa = PBXBuildFile; fileRef = 31B8C3FD2AE2C99C001F4948 /* SelectAirportViewModel.swift */; };
		31B8C4182AE2C99C001F4948 /* SearchBar.swift in Sources */ = {isa = PBXBuildFile; fileRef = 31B8C4002AE2C99C001F4948 /* SearchBar.swift */; };
		31B8C4192AE2C99C001F4948 /* SelectAirportView.swift in Sources */ = {isa = PBXBuildFile; fileRef = 31B8C4012AE2C99C001F4948 /* SelectAirportView.swift */; };
		31B8C4392AE3056B001F4948 /* SearchViewModelTest.swift in Sources */ = {isa = PBXBuildFile; fileRef = 31B8C4382AE3056B001F4948 /* SearchViewModelTest.swift */; };
		31B8C43B2AE306CE001F4948 /* FlightDetails.swift in Sources */ = {isa = PBXBuildFile; fileRef = 31B8C43A2AE306CE001F4948 /* FlightDetails.swift */; };
		31B8C4422AE30E52001F4948 /* NetworkError.swift in Sources */ = {isa = PBXBuildFile; fileRef = 31B8C4412AE30E52001F4948 /* NetworkError.swift */; };
		31B8C4472AE314A1001F4948 /* Localizable.xcstrings in Resources */ = {isa = PBXBuildFile; fileRef = 31B8C4462AE314A1001F4948 /* Localizable.xcstrings */; };
		31B8C44C2AE31B38001F4948 /* airportlist.json in Resources */ = {isa = PBXBuildFile; fileRef = 31B8C44B2AE31B38001F4948 /* airportlist.json */; };
		31B8C44E2AE31EE8001F4948 /* MockApiResponseProvider.swift in Sources */ = {isa = PBXBuildFile; fileRef = 31B8C44D2AE31EE8001F4948 /* MockApiResponseProvider.swift */; };
		31B8C4502AE32D9D001F4948 /* PassengerCountPickerViewModelTest.swift in Sources */ = {isa = PBXBuildFile; fileRef = 31B8C44F2AE32D9D001F4948 /* PassengerCountPickerViewModelTest.swift */; };
		31B8C4522AE32F9F001F4948 /* PassengerDetailsTest.swift in Sources */ = {isa = PBXBuildFile; fileRef = 31B8C4512AE32F9F001F4948 /* PassengerDetailsTest.swift */; };
		31B8C4552AE33178001F4948 /* FlightListViewModelTest.swift in Sources */ = {isa = PBXBuildFile; fileRef = 31B8C4542AE33178001F4948 /* FlightListViewModelTest.swift */; };
		31B8C4572AE33262001F4948 /* MockSearchAPIHandler.swift in Sources */ = {isa = PBXBuildFile; fileRef = 31B8C4562AE33262001F4948 /* MockSearchAPIHandler.swift */; };
		31B8C4592AE333D0001F4948 /* searchResult.json in Resources */ = {isa = PBXBuildFile; fileRef = 31B8C4582AE333D0001F4948 /* searchResult.json */; };
		31B8C45B2AE33953001F4948 /* FlightSearchResponseTest.swift in Sources */ = {isa = PBXBuildFile; fileRef = 31B8C45A2AE33952001F4948 /* FlightSearchResponseTest.swift */; };
/* End PBXBuildFile section */

/* Begin PBXContainerItemProxy section */
		31B8C3BA2AE2C902001F4948 /* PBXContainerItemProxy */ = {
			isa = PBXContainerItemProxy;
			containerPortal = 31B8C3A12AE2C900001F4948 /* Project object */;
			proxyType = 1;
			remoteGlobalIDString = 31B8C3A82AE2C900001F4948;
			remoteInfo = FindFlights;
		};
/* End PBXContainerItemProxy section */

/* Begin PBXFileReference section */
		319148792AE450FE0005F318 /* findflights.xcdatamodel */ = {isa = PBXFileReference; lastKnownFileType = wrapper.xcdatamodel; path = findflights.xcdatamodel; sourceTree = "<group>"; };
		3191487B2AE451290005F318 /* PersistenceController.swift */ = {isa = PBXFileReference; fileEncoding = 4; lastKnownFileType = sourcecode.swift; path = PersistenceController.swift; sourceTree = "<group>"; };
		3191487D2AE452710005F318 /* RecentSearchStorageHandler.swift */ = {isa = PBXFileReference; lastKnownFileType = sourcecode.swift; path = RecentSearchStorageHandler.swift; sourceTree = "<group>"; };
		3191487F2AE471750005F318 /* StringExtension.swift */ = {isa = PBXFileReference; lastKnownFileType = sourcecode.swift; path = StringExtension.swift; sourceTree = "<group>"; };
		319148812AE4726E0005F318 /* SearchFlightParametersTest.swift */ = {isa = PBXFileReference; lastKnownFileType = sourcecode.swift; path = SearchFlightParametersTest.swift; sourceTree = "<group>"; };
		319148842AE475C30005F318 /* RecentSearchParameters.swift */ = {isa = PBXFileReference; lastKnownFileType = sourcecode.swift; path = RecentSearchParameters.swift; sourceTree = "<group>"; };
		319148882AE476F60005F318 /* MockRecentSearchStorageHandler.swift */ = {isa = PBXFileReference; lastKnownFileType = sourcecode.swift; path = MockRecentSearchStorageHandler.swift; sourceTree = "<group>"; };
		3191488A2AE478B10005F318 /* RecentSearchViewModelTest.swift */ = {isa = PBXFileReference; lastKnownFileType = sourcecode.swift; path = RecentSearchViewModelTest.swift; sourceTree = "<group>"; };
		319816E42AE41CBE00B1E608 /* RecentSearchView.swift */ = {isa = PBXFileReference; lastKnownFileType = sourcecode.swift; path = RecentSearchView.swift; sourceTree = "<group>"; };
		319816E62AE4233C00B1E608 /* RecentSearchViewModel.swift */ = {isa = PBXFileReference; lastKnownFileType = sourcecode.swift; path = RecentSearchViewModel.swift; sourceTree = "<group>"; };
		31B8C3A92AE2C900001F4948 /* FindFlights.app */ = {isa = PBXFileReference; explicitFileType = wrapper.application; includeInIndex = 0; path = FindFlights.app; sourceTree = BUILT_PRODUCTS_DIR; };
		31B8C3AC2AE2C900001F4948 /* FindFlightsApp.swift */ = {isa = PBXFileReference; lastKnownFileType = sourcecode.swift; path = FindFlightsApp.swift; sourceTree = "<group>"; };
		31B8C3B02AE2C901001F4948 /* Assets.xcassets */ = {isa = PBXFileReference; lastKnownFileType = folder.assetcatalog; path = Assets.xcassets; sourceTree = "<group>"; };
		31B8C3B92AE2C902001F4948 /* FindFlightsTests.xctest */ = {isa = PBXFileReference; explicitFileType = wrapper.cfbundle; includeInIndex = 0; path = FindFlightsTests.xctest; sourceTree = BUILT_PRODUCTS_DIR; };
		31B8C3D92AE2C99C001F4948 /* EncodableExtension.swift */ = {isa = PBXFileReference; fileEncoding = 4; lastKnownFileType = sourcecode.swift; path = EncodableExtension.swift; sourceTree = "<group>"; };
		31B8C3DC2AE2C99C001F4948 /* Endpoint.swift */ = {isa = PBXFileReference; fileEncoding = 4; lastKnownFileType = sourcecode.swift; path = Endpoint.swift; sourceTree = "<group>"; };
		31B8C3DD2AE2C99C001F4948 /* NetworkHandler.swift */ = {isa = PBXFileReference; fileEncoding = 4; lastKnownFileType = sourcecode.swift; path = NetworkHandler.swift; sourceTree = "<group>"; };
		31B8C3DE2AE2C99C001F4948 /* SearchAPIHandler.swift */ = {isa = PBXFileReference; fileEncoding = 4; lastKnownFileType = sourcecode.swift; path = SearchAPIHandler.swift; sourceTree = "<group>"; };
		31B8C3E12AE2C99C001F4948 /* Constants.swift */ = {isa = PBXFileReference; fileEncoding = 4; lastKnownFileType = sourcecode.swift; path = Constants.swift; sourceTree = "<group>"; };
		31B8C3E22AE2C99C001F4948 /* RYStrings.swift */ = {isa = PBXFileReference; fileEncoding = 4; lastKnownFileType = sourcecode.swift; path = RYStrings.swift; sourceTree = "<group>"; };
		31B8C3E62AE2C99C001F4948 /* FlightListViewModel.swift */ = {isa = PBXFileReference; fileEncoding = 4; lastKnownFileType = sourcecode.swift; path = FlightListViewModel.swift; sourceTree = "<group>"; };
		31B8C3E92AE2C99C001F4948 /* EmptySearchResultView.swift */ = {isa = PBXFileReference; fileEncoding = 4; lastKnownFileType = sourcecode.swift; path = EmptySearchResultView.swift; sourceTree = "<group>"; };
		31B8C3EA2AE2C99C001F4948 /* LoadingSearchView.swift */ = {isa = PBXFileReference; fileEncoding = 4; lastKnownFileType = sourcecode.swift; path = LoadingSearchView.swift; sourceTree = "<group>"; };
		31B8C3EB2AE2C99C001F4948 /* FlightListingView.swift */ = {isa = PBXFileReference; fileEncoding = 4; lastKnownFileType = sourcecode.swift; path = FlightListingView.swift; sourceTree = "<group>"; };
		31B8C3F02AE2C99C001F4948 /* SearchViewModel.swift */ = {isa = PBXFileReference; fileEncoding = 4; lastKnownFileType = sourcecode.swift; path = SearchViewModel.swift; sourceTree = "<group>"; };
		31B8C3F12AE2C99C001F4948 /* PassengerCountPickerViewModel.swift */ = {isa = PBXFileReference; fileEncoding = 4; lastKnownFileType = sourcecode.swift; path = PassengerCountPickerViewModel.swift; sourceTree = "<group>"; };
		31B8C3F32AE2C99C001F4948 /* SearchFlightParameters.swift */ = {isa = PBXFileReference; fileEncoding = 4; lastKnownFileType = sourcecode.swift; path = SearchFlightParameters.swift; sourceTree = "<group>"; };
		31B8C3F42AE2C99C001F4948 /* FlightSearchResponse.swift */ = {isa = PBXFileReference; fileEncoding = 4; lastKnownFileType = sourcecode.swift; path = FlightSearchResponse.swift; sourceTree = "<group>"; };
		31B8C3F52AE2C99C001F4948 /* Airport.swift */ = {isa = PBXFileReference; fileEncoding = 4; lastKnownFileType = sourcecode.swift; path = Airport.swift; sourceTree = "<group>"; };
		31B8C3F62AE2C99C001F4948 /* PassengerDetails.swift */ = {isa = PBXFileReference; fileEncoding = 4; lastKnownFileType = sourcecode.swift; path = PassengerDetails.swift; sourceTree = "<group>"; };
		31B8C3F82AE2C99C001F4948 /* SearchView.swift */ = {isa = PBXFileReference; fileEncoding = 4; lastKnownFileType = sourcecode.swift; path = SearchView.swift; sourceTree = "<group>"; };
		31B8C3F92AE2C99C001F4948 /* PassengerCountPickerView.swift */ = {isa = PBXFileReference; fileEncoding = 4; lastKnownFileType = sourcecode.swift; path = PassengerCountPickerView.swift; sourceTree = "<group>"; };
		31B8C3FD2AE2C99C001F4948 /* SelectAirportViewModel.swift */ = {isa = PBXFileReference; fileEncoding = 4; lastKnownFileType = sourcecode.swift; path = SelectAirportViewModel.swift; sourceTree = "<group>"; };
		31B8C4002AE2C99C001F4948 /* SearchBar.swift */ = {isa = PBXFileReference; fileEncoding = 4; lastKnownFileType = sourcecode.swift; path = SearchBar.swift; sourceTree = "<group>"; };
		31B8C4012AE2C99C001F4948 /* SelectAirportView.swift */ = {isa = PBXFileReference; fileEncoding = 4; lastKnownFileType = sourcecode.swift; path = SelectAirportView.swift; sourceTree = "<group>"; };
		31B8C4382AE3056B001F4948 /* SearchViewModelTest.swift */ = {isa = PBXFileReference; lastKnownFileType = sourcecode.swift; path = SearchViewModelTest.swift; sourceTree = "<group>"; };
		31B8C43A2AE306CE001F4948 /* FlightDetails.swift */ = {isa = PBXFileReference; lastKnownFileType = sourcecode.swift; path = FlightDetails.swift; sourceTree = "<group>"; };
		31B8C4412AE30E52001F4948 /* NetworkError.swift */ = {isa = PBXFileReference; lastKnownFileType = sourcecode.swift; path = NetworkError.swift; sourceTree = "<group>"; };
		31B8C4462AE314A1001F4948 /* Localizable.xcstrings */ = {isa = PBXFileReference; lastKnownFileType = text.json.xcstrings; path = Localizable.xcstrings; sourceTree = "<group>"; };
		31B8C44B2AE31B38001F4948 /* airportlist.json */ = {isa = PBXFileReference; fileEncoding = 4; lastKnownFileType = text.json; path = airportlist.json; sourceTree = "<group>"; };
		31B8C44D2AE31EE8001F4948 /* MockApiResponseProvider.swift */ = {isa = PBXFileReference; lastKnownFileType = sourcecode.swift; path = MockApiResponseProvider.swift; sourceTree = "<group>"; };
		31B8C44F2AE32D9D001F4948 /* PassengerCountPickerViewModelTest.swift */ = {isa = PBXFileReference; lastKnownFileType = sourcecode.swift; path = PassengerCountPickerViewModelTest.swift; sourceTree = "<group>"; };
		31B8C4512AE32F9F001F4948 /* PassengerDetailsTest.swift */ = {isa = PBXFileReference; lastKnownFileType = sourcecode.swift; path = PassengerDetailsTest.swift; sourceTree = "<group>"; };
		31B8C4542AE33178001F4948 /* FlightListViewModelTest.swift */ = {isa = PBXFileReference; lastKnownFileType = sourcecode.swift; path = FlightListViewModelTest.swift; sourceTree = "<group>"; };
		31B8C4562AE33262001F4948 /* MockSearchAPIHandler.swift */ = {isa = PBXFileReference; lastKnownFileType = sourcecode.swift; path = MockSearchAPIHandler.swift; sourceTree = "<group>"; };
		31B8C4582AE333D0001F4948 /* searchResult.json */ = {isa = PBXFileReference; fileEncoding = 4; lastKnownFileType = text.json; path = searchResult.json; sourceTree = "<group>"; };
		31B8C45A2AE33952001F4948 /* FlightSearchResponseTest.swift */ = {isa = PBXFileReference; lastKnownFileType = sourcecode.swift; path = FlightSearchResponseTest.swift; sourceTree = "<group>"; };
/* End PBXFileReference section */

/* Begin PBXFrameworksBuildPhase section */
		31B8C3A62AE2C900001F4948 /* Frameworks */ = {
			isa = PBXFrameworksBuildPhase;
			buildActionMask = 2147483647;
			files = (
				31AF4B0D2AE3AB870091B18B /* TravelDatePicker in Frameworks */,
				31AF4B102AE3AE4F0091B18B /* FindFlightsInputField in Frameworks */,
			);
			runOnlyForDeploymentPostprocessing = 0;
		};
		31B8C3B62AE2C902001F4948 /* Frameworks */ = {
			isa = PBXFrameworksBuildPhase;
			buildActionMask = 2147483647;
			files = (
			);
			runOnlyForDeploymentPostprocessing = 0;
		};
/* End PBXFrameworksBuildPhase section */

/* Begin PBXGroup section */
		319148772AE450A50005F318 /* LocalStorage */ = {
			isa = PBXGroup;
			children = (
				319148872AE476350005F318 /* RecentSearch */,
				319148862AE476110005F318 /* CoreData */,
			);
			path = LocalStorage;
			sourceTree = "<group>";
		};
		319148832AE4758C0005F318 /* BackEnd */ = {
			isa = PBXGroup;
			children = (
				31B8C3DA2AE2C99C001F4948 /* Network */,
				319148772AE450A50005F318 /* LocalStorage */,
			);
			path = BackEnd;
			sourceTree = "<group>";
		};
		319148862AE476110005F318 /* CoreData */ = {
			isa = PBXGroup;
			children = (
				319148782AE450FE0005F318 /* findflights.xcdatamodeld */,
				3191487B2AE451290005F318 /* PersistenceController.swift */,
			);
			path = CoreData;
			sourceTree = "<group>";
		};
		319148872AE476350005F318 /* RecentSearch */ = {
			isa = PBXGroup;
			children = (
				3191487D2AE452710005F318 /* RecentSearchStorageHandler.swift */,
				319148842AE475C30005F318 /* RecentSearchParameters.swift */,
			);
			path = RecentSearch;
			sourceTree = "<group>";
		};
		31AF4B092AE3A20C0091B18B /* Classes */ = {
			isa = PBXGroup;
			children = (
				31B8C4562AE33262001F4948 /* MockSearchAPIHandler.swift */,
				319148882AE476F60005F318 /* MockRecentSearchStorageHandler.swift */,
			);
			path = Classes;
			sourceTree = "<group>";
		};
		31AF4B0A2AE3A21F0091B18B /* Helper */ = {
			isa = PBXGroup;
			children = (
				31B8C44D2AE31EE8001F4948 /* MockApiResponseProvider.swift */,
			);
			path = Helper;
			sourceTree = "<group>";
		};
		31B8C3A02AE2C900001F4948 = {
			isa = PBXGroup;
			children = (
				31B8C3AB2AE2C900001F4948 /* FindFlights */,
				31B8C3BC2AE2C902001F4948 /* FindFlightsTests */,
				31B8C3AA2AE2C900001F4948 /* Products */,
			);
			sourceTree = "<group>";
		};
		31B8C3AA2AE2C900001F4948 /* Products */ = {
			isa = PBXGroup;
			children = (
				31B8C3A92AE2C900001F4948 /* FindFlights.app */,
				31B8C3B92AE2C902001F4948 /* FindFlightsTests.xctest */,
			);
			name = Products;
			sourceTree = "<group>";
		};
		31B8C3AB2AE2C900001F4948 /* FindFlights */ = {
			isa = PBXGroup;
			children = (
				31B8C3E32AE2C99C001F4948 /* Modules */,
				31B8C3D62AE2C942001F4948 /* App */,
				319148832AE4758C0005F318 /* BackEnd */,
				31B8C4452AE31484001F4948 /* Localization */,
				31B8C3DF2AE2C99C001F4948 /* Constants */,
				31B8C3D82AE2C99C001F4948 /* Extensions */,
				31B8C3D72AE2C96B001F4948 /* Assets */,
			);
			path = FindFlights;
			sourceTree = "<group>";
		};
		31B8C3BC2AE2C902001F4948 /* FindFlightsTests */ = {
			isa = PBXGroup;
			children = (
				31B8C43C2AE307E4001F4948 /* Mocks */,
				31B8C4362AE30532001F4948 /* Modules */,
			);
			path = FindFlightsTests;
			sourceTree = "<group>";
		};
		31B8C3D62AE2C942001F4948 /* App */ = {
			isa = PBXGroup;
			children = (
				31B8C3AC2AE2C900001F4948 /* FindFlightsApp.swift */,
			);
			path = App;
			sourceTree = "<group>";
		};
		31B8C3D72AE2C96B001F4948 /* Assets */ = {
			isa = PBXGroup;
			children = (
				31B8C3B02AE2C901001F4948 /* Assets.xcassets */,
			);
			path = Assets;
			sourceTree = "<group>";
		};
		31B8C3D82AE2C99C001F4948 /* Extensions */ = {
			isa = PBXGroup;
			children = (
				31B8C3D92AE2C99C001F4948 /* EncodableExtension.swift */,
				3191487F2AE471750005F318 /* StringExtension.swift */,
			);
			path = Extensions;
			sourceTree = "<group>";
		};
		31B8C3DA2AE2C99C001F4948 /* Network */ = {
			isa = PBXGroup;
			children = (
				31B8C43D2AE30C0C001F4948 /* Search */,
				31B8C43F2AE30E14001F4948 /* EndPoint */,
				31B8C43E2AE30C4C001F4948 /* Core */,
			);
			path = Network;
			sourceTree = "<group>";
		};
		31B8C3DF2AE2C99C001F4948 /* Constants */ = {
			isa = PBXGroup;
			children = (
				31B8C3E12AE2C99C001F4948 /* Constants.swift */,
				31B8C3E22AE2C99C001F4948 /* RYStrings.swift */,
			);
			path = Constants;
			sourceTree = "<group>";
		};
		31B8C3E32AE2C99C001F4948 /* Modules */ = {
			isa = PBXGroup;
			children = (
				31B8C3EE2AE2C99C001F4948 /* Search */,
				31B8C3E42AE2C99C001F4948 /* FlightListing */,
				31B8C3FB2AE2C99C001F4948 /* SelectAirport */,
			);
			path = Modules;
			sourceTree = "<group>";
		};
		31B8C3E42AE2C99C001F4948 /* FlightListing */ = {
			isa = PBXGroup;
			children = (
				31B8C3E52AE2C99C001F4948 /* ViewModel */,
				31B8C3E72AE2C99C001F4948 /* Model */,
				31B8C3E82AE2C99C001F4948 /* View */,
			);
			path = FlightListing;
			sourceTree = "<group>";
		};
		31B8C3E52AE2C99C001F4948 /* ViewModel */ = {
			isa = PBXGroup;
			children = (
				31B8C3E62AE2C99C001F4948 /* FlightListViewModel.swift */,
			);
			path = ViewModel;
			sourceTree = "<group>";
		};
		31B8C3E72AE2C99C001F4948 /* Model */ = {
			isa = PBXGroup;
			children = (
				31B8C43A2AE306CE001F4948 /* FlightDetails.swift */,
			);
			path = Model;
			sourceTree = "<group>";
		};
		31B8C3E82AE2C99C001F4948 /* View */ = {
			isa = PBXGroup;
			children = (
				31B8C3E92AE2C99C001F4948 /* EmptySearchResultView.swift */,
				31B8C3EA2AE2C99C001F4948 /* LoadingSearchView.swift */,
				31B8C3EB2AE2C99C001F4948 /* FlightListingView.swift */,
			);
			path = View;
			sourceTree = "<group>";
		};
		31B8C3EE2AE2C99C001F4948 /* Search */ = {
			isa = PBXGroup;
			children = (
				31B8C3EF2AE2C99C001F4948 /* ViewModel */,
				31B8C3F22AE2C99C001F4948 /* Model */,
				31B8C3F72AE2C99C001F4948 /* View */,
			);
			path = Search;
			sourceTree = "<group>";
		};
		31B8C3EF2AE2C99C001F4948 /* ViewModel */ = {
			isa = PBXGroup;
			children = (
				31B8C3F02AE2C99C001F4948 /* SearchViewModel.swift */,
				31B8C3F12AE2C99C001F4948 /* PassengerCountPickerViewModel.swift */,
				319816E62AE4233C00B1E608 /* RecentSearchViewModel.swift */,
			);
			path = ViewModel;
			sourceTree = "<group>";
		};
		31B8C3F22AE2C99C001F4948 /* Model */ = {
			isa = PBXGroup;
			children = (
				31B8C3F32AE2C99C001F4948 /* SearchFlightParameters.swift */,
				31B8C3F42AE2C99C001F4948 /* FlightSearchResponse.swift */,
				31B8C3F62AE2C99C001F4948 /* PassengerDetails.swift */,
			);
			path = Model;
			sourceTree = "<group>";
		};
		31B8C3F72AE2C99C001F4948 /* View */ = {
			isa = PBXGroup;
			children = (
				31B8C3F82AE2C99C001F4948 /* SearchView.swift */,
				31B8C3F92AE2C99C001F4948 /* PassengerCountPickerView.swift */,
				319816E42AE41CBE00B1E608 /* RecentSearchView.swift */,
			);
			path = View;
			sourceTree = "<group>";
		};
		31B8C3FB2AE2C99C001F4948 /* SelectAirport */ = {
			isa = PBXGroup;
			children = (
				31B8C3FC2AE2C99C001F4948 /* ViewModel */,
				31B8C3FE2AE2C99C001F4948 /* Model */,
				31B8C3FF2AE2C99C001F4948 /* View */,
			);
			path = SelectAirport;
			sourceTree = "<group>";
		};
		31B8C3FC2AE2C99C001F4948 /* ViewModel */ = {
			isa = PBXGroup;
			children = (
				31B8C3FD2AE2C99C001F4948 /* SelectAirportViewModel.swift */,
			);
			path = ViewModel;
			sourceTree = "<group>";
		};
		31B8C3FE2AE2C99C001F4948 /* Model */ = {
			isa = PBXGroup;
			children = (
				31B8C3F52AE2C99C001F4948 /* Airport.swift */,
			);
			path = Model;
			sourceTree = "<group>";
		};
		31B8C3FF2AE2C99C001F4948 /* View */ = {
			isa = PBXGroup;
			children = (
				31B8C4002AE2C99C001F4948 /* SearchBar.swift */,
				31B8C4012AE2C99C001F4948 /* SelectAirportView.swift */,
			);
			path = View;
			sourceTree = "<group>";
		};
		31B8C4362AE30532001F4948 /* Modules */ = {
			isa = PBXGroup;
			children = (
				31B8C4372AE30540001F4948 /* Search */,
				31B8C4532AE33148001F4948 /* FlightListing */,
			);
			path = Modules;
			sourceTree = "<group>";
		};
		31B8C4372AE30540001F4948 /* Search */ = {
			isa = PBXGroup;
			children = (
				31B8C4382AE3056B001F4948 /* SearchViewModelTest.swift */,
				31B8C44F2AE32D9D001F4948 /* PassengerCountPickerViewModelTest.swift */,
				31B8C4512AE32F9F001F4948 /* PassengerDetailsTest.swift */,
				319148812AE4726E0005F318 /* SearchFlightParametersTest.swift */,
				3191488A2AE478B10005F318 /* RecentSearchViewModelTest.swift */,
			);
			path = Search;
			sourceTree = "<group>";
		};
		31B8C43C2AE307E4001F4948 /* Mocks */ = {
			isa = PBXGroup;
			children = (
				31AF4B0A2AE3A21F0091B18B /* Helper */,
				31AF4B092AE3A20C0091B18B /* Classes */,
				31B8C44A2AE3197B001F4948 /* Data */,
			);
			path = Mocks;
			sourceTree = "<group>";
		};
		31B8C43D2AE30C0C001F4948 /* Search */ = {
			isa = PBXGroup;
			children = (
				31B8C3DE2AE2C99C001F4948 /* SearchAPIHandler.swift */,
			);
			path = Search;
			sourceTree = "<group>";
		};
		31B8C43E2AE30C4C001F4948 /* Core */ = {
			isa = PBXGroup;
			children = (
				31B8C3DD2AE2C99C001F4948 /* NetworkHandler.swift */,
				31B8C4412AE30E52001F4948 /* NetworkError.swift */,
			);
			path = Core;
			sourceTree = "<group>";
		};
		31B8C43F2AE30E14001F4948 /* EndPoint */ = {
			isa = PBXGroup;
			children = (
				31B8C3DC2AE2C99C001F4948 /* Endpoint.swift */,
			);
			path = EndPoint;
			sourceTree = "<group>";
		};
		31B8C4452AE31484001F4948 /* Localization */ = {
			isa = PBXGroup;
			children = (
				31B8C4462AE314A1001F4948 /* Localizable.xcstrings */,
			);
			path = Localization;
			sourceTree = "<group>";
		};
		31B8C44A2AE3197B001F4948 /* Data */ = {
			isa = PBXGroup;
			children = (
				31B8C4582AE333D0001F4948 /* searchResult.json */,
				31B8C44B2AE31B38001F4948 /* airportlist.json */,
			);
			path = Data;
			sourceTree = "<group>";
		};
		31B8C4532AE33148001F4948 /* FlightListing */ = {
			isa = PBXGroup;
			children = (
				31B8C4542AE33178001F4948 /* FlightListViewModelTest.swift */,
				31B8C45A2AE33952001F4948 /* FlightSearchResponseTest.swift */,
			);
			path = FlightListing;
			sourceTree = "<group>";
		};
/* End PBXGroup section */

/* Begin PBXNativeTarget section */
		31B8C3A82AE2C900001F4948 /* FindFlights */ = {
			isa = PBXNativeTarget;
			buildConfigurationList = 31B8C3CD2AE2C902001F4948 /* Build configuration list for PBXNativeTarget "FindFlights" */;
			buildPhases = (
				31B8C3A52AE2C900001F4948 /* Sources */,
				31B8C3A62AE2C900001F4948 /* Frameworks */,
				31B8C3A72AE2C900001F4948 /* Resources */,
			);
			buildRules = (
			);
			dependencies = (
			);
			name = FindFlights;
			packageProductDependencies = (
				31AF4B0C2AE3AB870091B18B /* TravelDatePicker */,
				31AF4B0F2AE3AE4F0091B18B /* FindFlightsInputField */,
			);
			productName = FindFlights;
			productReference = 31B8C3A92AE2C900001F4948 /* FindFlights.app */;
			productType = "com.apple.product-type.application";
		};
		31B8C3B82AE2C902001F4948 /* FindFlightsTests */ = {
			isa = PBXNativeTarget;
			buildConfigurationList = 31B8C3D02AE2C902001F4948 /* Build configuration list for PBXNativeTarget "FindFlightsTests" */;
			buildPhases = (
				31B8C3B52AE2C902001F4948 /* Sources */,
				31B8C3B62AE2C902001F4948 /* Frameworks */,
				31B8C3B72AE2C902001F4948 /* Resources */,
			);
			buildRules = (
			);
			dependencies = (
				31B8C3BB2AE2C902001F4948 /* PBXTargetDependency */,
			);
			name = FindFlightsTests;
			productName = FindFlightsTests;
			productReference = 31B8C3B92AE2C902001F4948 /* FindFlightsTests.xctest */;
			productType = "com.apple.product-type.bundle.unit-test";
		};
/* End PBXNativeTarget section */

/* Begin PBXProject section */
		31B8C3A12AE2C900001F4948 /* Project object */ = {
			isa = PBXProject;
			attributes = {
				BuildIndependentTargetsInParallel = 1;
				LastSwiftUpdateCheck = 1500;
				LastUpgradeCheck = 1500;
				TargetAttributes = {
					31B8C3A82AE2C900001F4948 = {
						CreatedOnToolsVersion = 15.0;
					};
					31B8C3B82AE2C902001F4948 = {
						CreatedOnToolsVersion = 15.0;
						TestTargetID = 31B8C3A82AE2C900001F4948;
					};
				};
			};
			buildConfigurationList = 31B8C3A42AE2C900001F4948 /* Build configuration list for PBXProject "FindFlights" */;
			compatibilityVersion = "Xcode 14.0";
			developmentRegion = en;
			hasScannedForEncodings = 0;
			knownRegions = (
				en,
				Base,
			);
			mainGroup = 31B8C3A02AE2C900001F4948;
			packageReferences = (
				31AF4B0B2AE3AB870091B18B /* XCLocalSwiftPackageReference "Dependencies/TravelDatePicker" */,
				31AF4B0E2AE3AE4F0091B18B /* XCLocalSwiftPackageReference "Dependencies/FindFlightsInputField" */,
			);
			productRefGroup = 31B8C3AA2AE2C900001F4948 /* Products */;
			projectDirPath = "";
			projectRoot = "";
			targets = (
				31B8C3A82AE2C900001F4948 /* FindFlights */,
				31B8C3B82AE2C902001F4948 /* FindFlightsTests */,
			);
		};
/* End PBXProject section */

/* Begin PBXResourcesBuildPhase section */
		31B8C3A72AE2C900001F4948 /* Resources */ = {
			isa = PBXResourcesBuildPhase;
			buildActionMask = 2147483647;
			files = (
				31B8C4472AE314A1001F4948 /* Localizable.xcstrings in Resources */,
				31B8C3B12AE2C901001F4948 /* Assets.xcassets in Resources */,
			);
			runOnlyForDeploymentPostprocessing = 0;
		};
		31B8C3B72AE2C902001F4948 /* Resources */ = {
			isa = PBXResourcesBuildPhase;
			buildActionMask = 2147483647;
			files = (
				31B8C4592AE333D0001F4948 /* searchResult.json in Resources */,
				31B8C44C2AE31B38001F4948 /* airportlist.json in Resources */,
			);
			runOnlyForDeploymentPostprocessing = 0;
		};
/* End PBXResourcesBuildPhase section */

/* Begin PBXSourcesBuildPhase section */
		31B8C3A52AE2C900001F4948 /* Sources */ = {
			isa = PBXSourcesBuildPhase;
			buildActionMask = 2147483647;
			files = (
				31B8C4142AE2C99C001F4948 /* SearchView.swift in Sources */,
				31B8C4092AE2C99C001F4948 /* FlightListViewModel.swift in Sources */,
				319148802AE471750005F318 /* StringExtension.swift in Sources */,
				31B8C4112AE2C99C001F4948 /* FlightSearchResponse.swift in Sources */,
				31B8C4052AE2C99C001F4948 /* SearchAPIHandler.swift in Sources */,
				31B8C4182AE2C99C001F4948 /* SearchBar.swift in Sources */,
				31B8C4152AE2C99C001F4948 /* PassengerCountPickerView.swift in Sources */,
				31B8C4172AE2C99C001F4948 /* SelectAirportViewModel.swift in Sources */,
				319816E52AE41CBE00B1E608 /* RecentSearchView.swift in Sources */,
				31B8C4022AE2C99C001F4948 /* EncodableExtension.swift in Sources */,
				31B8C4042AE2C99C001F4948 /* NetworkHandler.swift in Sources */,
				31B8C43B2AE306CE001F4948 /* FlightDetails.swift in Sources */,
				31B8C40A2AE2C99C001F4948 /* EmptySearchResultView.swift in Sources */,
				31B8C4072AE2C99C001F4948 /* Constants.swift in Sources */,
				31B8C4132AE2C99C001F4948 /* PassengerDetails.swift in Sources */,
				31B8C4122AE2C99C001F4948 /* Airport.swift in Sources */,
				319816E72AE4233C00B1E608 /* RecentSearchViewModel.swift in Sources */,
				3191487A2AE450FE0005F318 /* findflights.xcdatamodeld in Sources */,
				3191487C2AE451290005F318 /* PersistenceController.swift in Sources */,
				3191487E2AE452710005F318 /* RecentSearchStorageHandler.swift in Sources */,
				31B8C40E2AE2C99C001F4948 /* SearchViewModel.swift in Sources */,
				31B8C40B2AE2C99C001F4948 /* LoadingSearchView.swift in Sources */,
				31B8C40C2AE2C99C001F4948 /* FlightListingView.swift in Sources */,
				319148852AE475C30005F318 /* RecentSearchParameters.swift in Sources */,
				31B8C40F2AE2C99C001F4948 /* PassengerCountPickerViewModel.swift in Sources */,
				31B8C4032AE2C99C001F4948 /* Endpoint.swift in Sources */,
				31B8C3AD2AE2C900001F4948 /* FindFlightsApp.swift in Sources */,
				31B8C4082AE2C99C001F4948 /* RYStrings.swift in Sources */,
				31B8C4422AE30E52001F4948 /* NetworkError.swift in Sources */,
				31B8C4192AE2C99C001F4948 /* SelectAirportView.swift in Sources */,
				31B8C4102AE2C99C001F4948 /* SearchFlightParameters.swift in Sources */,
			);
			runOnlyForDeploymentPostprocessing = 0;
		};
		31B8C3B52AE2C902001F4948 /* Sources */ = {
			isa = PBXSourcesBuildPhase;
			buildActionMask = 2147483647;
			files = (
				31B8C44E2AE31EE8001F4948 /* MockApiResponseProvider.swift in Sources */,
				31B8C4552AE33178001F4948 /* FlightListViewModelTest.swift in Sources */,
				31B8C4502AE32D9D001F4948 /* PassengerCountPickerViewModelTest.swift in Sources */,
				319148892AE476F60005F318 /* MockRecentSearchStorageHandler.swift in Sources */,
				31B8C45B2AE33953001F4948 /* FlightSearchResponseTest.swift in Sources */,
				31B8C4522AE32F9F001F4948 /* PassengerDetailsTest.swift in Sources */,
				31B8C4392AE3056B001F4948 /* SearchViewModelTest.swift in Sources */,
				3191488B2AE478B10005F318 /* RecentSearchViewModelTest.swift in Sources */,
				319148822AE4726E0005F318 /* SearchFlightParametersTest.swift in Sources */,
				31B8C4572AE33262001F4948 /* MockSearchAPIHandler.swift in Sources */,
			);
			runOnlyForDeploymentPostprocessing = 0;
		};
/* End PBXSourcesBuildPhase section */

/* Begin PBXTargetDependency section */
		31B8C3BB2AE2C902001F4948 /* PBXTargetDependency */ = {
			isa = PBXTargetDependency;
			target = 31B8C3A82AE2C900001F4948 /* FindFlights */;
			targetProxy = 31B8C3BA2AE2C902001F4948 /* PBXContainerItemProxy */;
		};
/* End PBXTargetDependency section */

/* Begin XCBuildConfiguration section */
		31B8C3CB2AE2C902001F4948 /* Debug */ = {
			isa = XCBuildConfiguration;
			buildSettings = {
				ALWAYS_SEARCH_USER_PATHS = NO;
				ASSETCATALOG_COMPILER_GENERATE_SWIFT_ASSET_SYMBOL_EXTENSIONS = YES;
				CLANG_ANALYZER_NONNULL = YES;
				CLANG_ANALYZER_NUMBER_OBJECT_CONVERSION = YES_AGGRESSIVE;
				CLANG_CXX_LANGUAGE_STANDARD = "gnu++20";
				CLANG_ENABLE_MODULES = YES;
				CLANG_ENABLE_OBJC_ARC = YES;
				CLANG_ENABLE_OBJC_WEAK = YES;
				CLANG_WARN_BLOCK_CAPTURE_AUTORELEASING = YES;
				CLANG_WARN_BOOL_CONVERSION = YES;
				CLANG_WARN_COMMA = YES;
				CLANG_WARN_CONSTANT_CONVERSION = YES;
				CLANG_WARN_DEPRECATED_OBJC_IMPLEMENTATIONS = YES;
				CLANG_WARN_DIRECT_OBJC_ISA_USAGE = YES_ERROR;
				CLANG_WARN_DOCUMENTATION_COMMENTS = YES;
				CLANG_WARN_EMPTY_BODY = YES;
				CLANG_WARN_ENUM_CONVERSION = YES;
				CLANG_WARN_INFINITE_RECURSION = YES;
				CLANG_WARN_INT_CONVERSION = YES;
				CLANG_WARN_NON_LITERAL_NULL_CONVERSION = YES;
				CLANG_WARN_OBJC_IMPLICIT_RETAIN_SELF = YES;
				CLANG_WARN_OBJC_LITERAL_CONVERSION = YES;
				CLANG_WARN_OBJC_ROOT_CLASS = YES_ERROR;
				CLANG_WARN_QUOTED_INCLUDE_IN_FRAMEWORK_HEADER = YES;
				CLANG_WARN_RANGE_LOOP_ANALYSIS = YES;
				CLANG_WARN_STRICT_PROTOTYPES = YES;
				CLANG_WARN_SUSPICIOUS_MOVE = YES;
				CLANG_WARN_UNGUARDED_AVAILABILITY = YES_AGGRESSIVE;
				CLANG_WARN_UNREACHABLE_CODE = YES;
				CLANG_WARN__DUPLICATE_METHOD_MATCH = YES;
				COPY_PHASE_STRIP = NO;
				DEBUG_INFORMATION_FORMAT = dwarf;
				ENABLE_STRICT_OBJC_MSGSEND = YES;
				ENABLE_TESTABILITY = YES;
				ENABLE_USER_SCRIPT_SANDBOXING = YES;
				GCC_C_LANGUAGE_STANDARD = gnu17;
				GCC_DYNAMIC_NO_PIC = NO;
				GCC_NO_COMMON_BLOCKS = YES;
				GCC_OPTIMIZATION_LEVEL = 0;
				GCC_PREPROCESSOR_DEFINITIONS = (
					"DEBUG=1",
					"$(inherited)",
				);
				GCC_WARN_64_TO_32_BIT_CONVERSION = YES;
				GCC_WARN_ABOUT_RETURN_TYPE = YES_ERROR;
				GCC_WARN_UNDECLARED_SELECTOR = YES;
				GCC_WARN_UNINITIALIZED_AUTOS = YES_AGGRESSIVE;
				GCC_WARN_UNUSED_FUNCTION = YES;
				GCC_WARN_UNUSED_VARIABLE = YES;
				IPHONEOS_DEPLOYMENT_TARGET = 15.0;
				LOCALIZATION_PREFERS_STRING_CATALOGS = YES;
				MTL_ENABLE_DEBUG_INFO = INCLUDE_SOURCE;
				MTL_FAST_MATH = YES;
				ONLY_ACTIVE_ARCH = YES;
				SDKROOT = iphoneos;
				SWIFT_ACTIVE_COMPILATION_CONDITIONS = "DEBUG $(inherited)";
				SWIFT_OPTIMIZATION_LEVEL = "-Onone";
			};
			name = Debug;
		};
		31B8C3CC2AE2C902001F4948 /* Release */ = {
			isa = XCBuildConfiguration;
			buildSettings = {
				ALWAYS_SEARCH_USER_PATHS = NO;
				ASSETCATALOG_COMPILER_GENERATE_SWIFT_ASSET_SYMBOL_EXTENSIONS = YES;
				CLANG_ANALYZER_NONNULL = YES;
				CLANG_ANALYZER_NUMBER_OBJECT_CONVERSION = YES_AGGRESSIVE;
				CLANG_CXX_LANGUAGE_STANDARD = "gnu++20";
				CLANG_ENABLE_MODULES = YES;
				CLANG_ENABLE_OBJC_ARC = YES;
				CLANG_ENABLE_OBJC_WEAK = YES;
				CLANG_WARN_BLOCK_CAPTURE_AUTORELEASING = YES;
				CLANG_WARN_BOOL_CONVERSION = YES;
				CLANG_WARN_COMMA = YES;
				CLANG_WARN_CONSTANT_CONVERSION = YES;
				CLANG_WARN_DEPRECATED_OBJC_IMPLEMENTATIONS = YES;
				CLANG_WARN_DIRECT_OBJC_ISA_USAGE = YES_ERROR;
				CLANG_WARN_DOCUMENTATION_COMMENTS = YES;
				CLANG_WARN_EMPTY_BODY = YES;
				CLANG_WARN_ENUM_CONVERSION = YES;
				CLANG_WARN_INFINITE_RECURSION = YES;
				CLANG_WARN_INT_CONVERSION = YES;
				CLANG_WARN_NON_LITERAL_NULL_CONVERSION = YES;
				CLANG_WARN_OBJC_IMPLICIT_RETAIN_SELF = YES;
				CLANG_WARN_OBJC_LITERAL_CONVERSION = YES;
				CLANG_WARN_OBJC_ROOT_CLASS = YES_ERROR;
				CLANG_WARN_QUOTED_INCLUDE_IN_FRAMEWORK_HEADER = YES;
				CLANG_WARN_RANGE_LOOP_ANALYSIS = YES;
				CLANG_WARN_STRICT_PROTOTYPES = YES;
				CLANG_WARN_SUSPICIOUS_MOVE = YES;
				CLANG_WARN_UNGUARDED_AVAILABILITY = YES_AGGRESSIVE;
				CLANG_WARN_UNREACHABLE_CODE = YES;
				CLANG_WARN__DUPLICATE_METHOD_MATCH = YES;
				COPY_PHASE_STRIP = NO;
				DEBUG_INFORMATION_FORMAT = "dwarf-with-dsym";
				ENABLE_NS_ASSERTIONS = NO;
				ENABLE_STRICT_OBJC_MSGSEND = YES;
				ENABLE_USER_SCRIPT_SANDBOXING = YES;
				GCC_C_LANGUAGE_STANDARD = gnu17;
				GCC_NO_COMMON_BLOCKS = YES;
				GCC_WARN_64_TO_32_BIT_CONVERSION = YES;
				GCC_WARN_ABOUT_RETURN_TYPE = YES_ERROR;
				GCC_WARN_UNDECLARED_SELECTOR = YES;
				GCC_WARN_UNINITIALIZED_AUTOS = YES_AGGRESSIVE;
				GCC_WARN_UNUSED_FUNCTION = YES;
				GCC_WARN_UNUSED_VARIABLE = YES;
				IPHONEOS_DEPLOYMENT_TARGET = 15.0;
				LOCALIZATION_PREFERS_STRING_CATALOGS = YES;
				MTL_ENABLE_DEBUG_INFO = NO;
				MTL_FAST_MATH = YES;
				SDKROOT = iphoneos;
				SWIFT_COMPILATION_MODE = wholemodule;
				VALIDATE_PRODUCT = YES;
			};
			name = Release;
		};
		31B8C3CE2AE2C902001F4948 /* Debug */ = {
			isa = XCBuildConfiguration;
			buildSettings = {
				ASSETCATALOG_COMPILER_APPICON_NAME = AppIcon;
				ASSETCATALOG_COMPILER_GLOBAL_ACCENT_COLOR_NAME = AccentColor;
				CODE_SIGN_STYLE = Automatic;
				CURRENT_PROJECT_VERSION = 1;
				ENABLE_PREVIEWS = YES;
				GENERATE_INFOPLIST_FILE = YES;
				INFOPLIST_KEY_UIApplicationSceneManifest_Generation = YES;
				INFOPLIST_KEY_UIApplicationSupportsIndirectInputEvents = YES;
				INFOPLIST_KEY_UILaunchScreen_Generation = YES;
				INFOPLIST_KEY_UISupportedInterfaceOrientations_iPad = "UIInterfaceOrientationPortrait UIInterfaceOrientationPortraitUpsideDown UIInterfaceOrientationLandscapeLeft UIInterfaceOrientationLandscapeRight";
				INFOPLIST_KEY_UISupportedInterfaceOrientations_iPhone = "UIInterfaceOrientationPortrait UIInterfaceOrientationLandscapeLeft UIInterfaceOrientationLandscapeRight";
				LD_RUNPATH_SEARCH_PATHS = (
					"$(inherited)",
					"@executable_path/Frameworks",
				);
				MARKETING_VERSION = 1.0;
				PRODUCT_BUNDLE_IDENTIFIER = com.codingtask.FindFlights;
				PRODUCT_NAME = "$(TARGET_NAME)";
				SWIFT_EMIT_LOC_STRINGS = YES;
				SWIFT_VERSION = 5.0;
				TARGETED_DEVICE_FAMILY = "1,2";
			};
			name = Debug;
		};
		31B8C3CF2AE2C902001F4948 /* Release */ = {
			isa = XCBuildConfiguration;
			buildSettings = {
				ASSETCATALOG_COMPILER_APPICON_NAME = AppIcon;
				ASSETCATALOG_COMPILER_GLOBAL_ACCENT_COLOR_NAME = AccentColor;
				CODE_SIGN_STYLE = Automatic;
				CURRENT_PROJECT_VERSION = 1;
				ENABLE_PREVIEWS = YES;
				GENERATE_INFOPLIST_FILE = YES;
				INFOPLIST_KEY_UIApplicationSceneManifest_Generation = YES;
				INFOPLIST_KEY_UIApplicationSupportsIndirectInputEvents = YES;
				INFOPLIST_KEY_UILaunchScreen_Generation = YES;
				INFOPLIST_KEY_UISupportedInterfaceOrientations_iPad = "UIInterfaceOrientationPortrait UIInterfaceOrientationPortraitUpsideDown UIInterfaceOrientationLandscapeLeft UIInterfaceOrientationLandscapeRight";
				INFOPLIST_KEY_UISupportedInterfaceOrientations_iPhone = "UIInterfaceOrientationPortrait UIInterfaceOrientationLandscapeLeft UIInterfaceOrientationLandscapeRight";
				LD_RUNPATH_SEARCH_PATHS = (
					"$(inherited)",
					"@executable_path/Frameworks",
				);
				MARKETING_VERSION = 1.0;
				PRODUCT_BUNDLE_IDENTIFIER = com.codingtask.FindFlights;
				PRODUCT_NAME = "$(TARGET_NAME)";
				SWIFT_EMIT_LOC_STRINGS = YES;
				SWIFT_VERSION = 5.0;
				TARGETED_DEVICE_FAMILY = "1,2";
			};
			name = Release;
		};
		31B8C3D12AE2C902001F4948 /* Debug */ = {
			isa = XCBuildConfiguration;
			buildSettings = {
				ALWAYS_EMBED_SWIFT_STANDARD_LIBRARIES = YES;
				BUNDLE_LOADER = "$(TEST_HOST)";
				CODE_SIGN_STYLE = Automatic;
				CURRENT_PROJECT_VERSION = 1;
				GENERATE_INFOPLIST_FILE = YES;
				IPHONEOS_DEPLOYMENT_TARGET = 15.0;
				MARKETING_VERSION = 1.0;
				PRODUCT_BUNDLE_IDENTIFIER = com.codingtask.FindFlightsTests;
				PRODUCT_NAME = "$(TARGET_NAME)";
				SWIFT_EMIT_LOC_STRINGS = NO;
				SWIFT_VERSION = 5.0;
				TARGETED_DEVICE_FAMILY = "1,2";
				TEST_HOST = "$(BUILT_PRODUCTS_DIR)/FindFlights.app/$(BUNDLE_EXECUTABLE_FOLDER_PATH)/FindFlights";
			};
			name = Debug;
		};
		31B8C3D22AE2C902001F4948 /* Release */ = {
			isa = XCBuildConfiguration;
			buildSettings = {
				ALWAYS_EMBED_SWIFT_STANDARD_LIBRARIES = YES;
				BUNDLE_LOADER = "$(TEST_HOST)";
				CODE_SIGN_STYLE = Automatic;
				CURRENT_PROJECT_VERSION = 1;
				GENERATE_INFOPLIST_FILE = YES;
				IPHONEOS_DEPLOYMENT_TARGET = 15.0;
				MARKETING_VERSION = 1.0;
				PRODUCT_BUNDLE_IDENTIFIER = com.codingtask.FindFlightsTests;
				PRODUCT_NAME = "$(TARGET_NAME)";
				SWIFT_EMIT_LOC_STRINGS = NO;
				SWIFT_VERSION = 5.0;
				TARGETED_DEVICE_FAMILY = "1,2";
				TEST_HOST = "$(BUILT_PRODUCTS_DIR)/FindFlights.app/$(BUNDLE_EXECUTABLE_FOLDER_PATH)/FindFlights";
			};
			name = Release;
		};
/* End XCBuildConfiguration section */

/* Begin XCConfigurationList section */
		31B8C3A42AE2C900001F4948 /* Build configuration list for PBXProject "FindFlights" */ = {
			isa = XCConfigurationList;
			buildConfigurations = (
				31B8C3CB2AE2C902001F4948 /* Debug */,
				31B8C3CC2AE2C902001F4948 /* Release */,
			);
			defaultConfigurationIsVisible = 0;
			defaultConfigurationName = Release;
		};
		31B8C3CD2AE2C902001F4948 /* Build configuration list for PBXNativeTarget "FindFlights" */ = {
			isa = XCConfigurationList;
			buildConfigurations = (
				31B8C3CE2AE2C902001F4948 /* Debug */,
				31B8C3CF2AE2C902001F4948 /* Release */,
			);
			defaultConfigurationIsVisible = 0;
			defaultConfigurationName = Release;
		};
		31B8C3D02AE2C902001F4948 /* Build configuration list for PBXNativeTarget "FindFlightsTests" */ = {
			isa = XCConfigurationList;
			buildConfigurations = (
				31B8C3D12AE2C902001F4948 /* Debug */,
				31B8C3D22AE2C902001F4948 /* Release */,
			);
			defaultConfigurationIsVisible = 0;
			defaultConfigurationName = Release;
		};
/* End XCConfigurationList section */

/* Begin XCLocalSwiftPackageReference section */
		31AF4B0B2AE3AB870091B18B /* XCLocalSwiftPackageReference "Dependencies/TravelDatePicker" */ = {
			isa = XCLocalSwiftPackageReference;
			relativePath = Dependencies/TravelDatePicker;
		};
		31AF4B0E2AE3AE4F0091B18B /* XCLocalSwiftPackageReference "Dependencies/FindFlightsInputField" */ = {
			isa = XCLocalSwiftPackageReference;
			relativePath = Dependencies/FindFlightsInputField;
		};
/* End XCLocalSwiftPackageReference section */

/* Begin XCSwiftPackageProductDependency section */
		31AF4B0C2AE3AB870091B18B /* TravelDatePicker */ = {
			isa = XCSwiftPackageProductDependency;
			productName = TravelDatePicker;
		};
		31AF4B0F2AE3AE4F0091B18B /* FindFlightsInputField */ = {
			isa = XCSwiftPackageProductDependency;
			productName = FindFlightsInputField;
		};
/* End XCSwiftPackageProductDependency section */

/* Begin XCVersionGroup section */
		319148782AE450FE0005F318 /* findflights.xcdatamodeld */ = {
			isa = XCVersionGroup;
			children = (
				319148792AE450FE0005F318 /* findflights.xcdatamodel */,
			);
			currentVersion = 319148792AE450FE0005F318 /* findflights.xcdatamodel */;
			path = findflights.xcdatamodeld;
			sourceTree = "<group>";
			versionGroupType = wrapper.xcdatamodel;
		};
/* End XCVersionGroup section */
	};
	rootObject = 31B8C3A12AE2C900001F4948 /* Project object */;
}
